
Microsoft Visual Studio Solution File, Format Version 12.00
# Visual Studio Version 17
VisualStudioVersion = 17.8.34316.72
MinimumVisualStudioVersion = 10.0.40219.1
Project("{FAE04EC0-301F-11D3-BF4B-00C04F79EFBC}") = "AdventOfCode23.Console", "AdventOfCode23.Console\AdventOfCode23.Console.csproj", "{1BE61BCF-4B32-4D3D-905B-BC9971AC971C}"
EndProject
Project("{FAE04EC0-301F-11D3-BF4B-00C04F79EFBC}") = "AdventOfCode23.Core", "AdventOfCode23.Core\AdventOfCode23.Core.csproj", "{27661977-4BCD-4D6D-AFCB-CB66095357D7}"
EndProject
Project("{FAE04EC0-301F-11D3-BF4B-00C04F79EFBC}") = "AdventOfCode23.Tests", "AdventOfCode23.Tests\AdventOfCode23.Tests.csproj", "{972FB593-9AC9-4262-AB85-57459FA68B22}"
EndProject
Global
	GlobalSection(SolutionConfigurationPlatforms) = preSolution
		Debug|Any CPU = Debug|Any CPU
		Release|Any CPU = Release|Any CPU
	EndGlobalSection
	GlobalSection(ProjectConfigurationPlatforms) = postSolution
		{1BE61BCF-4B32-4D3D-905B-BC9971AC971C}.Debug|Any CPU.ActiveCfg = Debug|Any CPU
		{1BE61BCF-4B32-4D3D-905B-BC9971AC971C}.Debug|Any CPU.Build.0 = Debug|Any CPU
		{1BE61BCF-4B32-4D3D-905B-BC9971AC971C}.Release|Any CPU.ActiveCfg = Release|Any CPU
		{1BE61BCF-4B32-4D3D-905B-BC9971AC971C}.Release|Any CPU.Build.0 = Release|Any CPU
		{27661977-4BCD-4D6D-AFCB-CB66095357D7}.Debug|Any CPU.ActiveCfg = Debug|Any CPU
		{27661977-4BCD-4D6D-AFCB-CB66095357D7}.Debug|Any CPU.Build.0 = Debug|Any CPU
		{27661977-4BCD-4D6D-AFCB-CB66095357D7}.Release|Any CPU.ActiveCfg = Release|Any CPU
		{27661977-4BCD-4D6D-AFCB-CB66095357D7}.Release|Any CPU.Build.0 = Release|Any CPU
		{972FB593-9AC9-4262-AB85-57459FA68B22}.Debug|Any CPU.ActiveCfg = Debug|Any CPU
		{972FB593-9AC9-4262-AB85-57459FA68B22}.Debug|Any CPU.Build.0 = Debug|Any CPU
		{972FB593-9AC9-4262-AB85-57459FA68B22}.Release|Any CPU.ActiveCfg = Release|Any CPU
		{972FB593-9AC9-4262-AB85-57459FA68B22}.Release|Any CPU.Build.0 = Release|Any CPU
	EndGlobalSection
	GlobalSection(SolutionProperties) = preSolution
		HideSolutionNode = FALSE
	EndGlobalSection
	GlobalSection(ExtensibilityGlobals) = postSolution
		SolutionGuid = {8659CB43-94D1-47DA-973F-4A201EC4FFEA}
	EndGlobalSection
EndGlobal
